
Microsoft Visual Studio Solution File, Format Version 12.00
# Visual Studio Version 16
VisualStudioVersion = 16.0.32630.194
MinimumVisualStudioVersion = 10.0.40219.1
Project("{FAE04EC0-301F-11D3-BF4B-00C04F79EFBC}") = "CrashOnMiss", "CrashOnMiss.csproj", "{A147C6EC-29D6-4BDC-ACC3-1501EE1E9675}"
EndProject
Global
	GlobalSection(SolutionConfigurationPlatforms) = preSolution
		Debug|Any CPU = Debug|Any CPU
		Release|Any CPU = Release|Any CPU
	EndGlobalSection
	GlobalSection(ProjectConfigurationPlatforms) = postSolution
		{A147C6EC-29D6-4BDC-ACC3-1501EE1E9675}.Debug|Any CPU.ActiveCfg = Debug|Any CPU
		{A147C6EC-29D6-4BDC-ACC3-1501EE1E9675}.Debug|Any CPU.Build.0 = Debug|Any CPU
		{A147C6EC-29D6-4BDC-ACC3-1501EE1E9675}.Release|Any CPU.ActiveCfg = Release|Any CPU
		{A147C6EC-29D6-4BDC-ACC3-1501EE1E9675}.Release|Any CPU.Build.0 = Release|Any CPU
	EndGlobalSection
	GlobalSection(SolutionProperties) = preSolution
		HideSolutionNode = FALSE
	EndGlobalSection
	GlobalSection(ExtensibilityGlobals) = postSolution
		SolutionGuid = {0C3B4E94-4E80-444B-BD4D-29B4734147C3}
	EndGlobalSection
EndGlobal
